
Microsoft Visual Studio Solution File, Format Version 12.00
# Visual Studio Version 17
VisualStudioVersion = 17.6.33829.357
MinimumVisualStudioVersion = 10.0.40219.1
Project("{FAE04EC0-301F-11D3-BF4B-00C04F79EFBC}") = "AkademiPlusMongoDbFarmWebApi", "AkademiPlusMongoDbFarmWebApi\AkademiPlusMongoDbFarmWebApi.csproj", "{78E6E4E2-2E4E-4622-9B5E-CA673BDB3EEA}"
EndProject
Project("{FAE04EC0-301F-11D3-BF4B-00C04F79EFBC}") = "AkademiPlusMongoDbFarmWebAppMVC", "AkademiPlusMongoDbFarmWebAppMVC\AkademiPlusMongoDbFarmWebAppMVC.csproj", "{27EF5636-ECD3-48E7-A3F5-110F425BB738}"
EndProject
Global
	GlobalSection(SolutionConfigurationPlatforms) = preSolution
		Debug|Any CPU = Debug|Any CPU
		Release|Any CPU = Release|Any CPU
	EndGlobalSection
	GlobalSection(ProjectConfigurationPlatforms) = postSolution
		{78E6E4E2-2E4E-4622-9B5E-CA673BDB3EEA}.Debug|Any CPU.ActiveCfg = Debug|Any CPU
		{78E6E4E2-2E4E-4622-9B5E-CA673BDB3EEA}.Debug|Any CPU.Build.0 = Debug|Any CPU
		{78E6E4E2-2E4E-4622-9B5E-CA673BDB3EEA}.Release|Any CPU.ActiveCfg = Release|Any CPU
		{78E6E4E2-2E4E-4622-9B5E-CA673BDB3EEA}.Release|Any CPU.Build.0 = Release|Any CPU
		{27EF5636-ECD3-48E7-A3F5-110F425BB738}.Debug|Any CPU.ActiveCfg = Debug|Any CPU
		{27EF5636-ECD3-48E7-A3F5-110F425BB738}.Debug|Any CPU.Build.0 = Debug|Any CPU
		{27EF5636-ECD3-48E7-A3F5-110F425BB738}.Release|Any CPU.ActiveCfg = Release|Any CPU
		{27EF5636-ECD3-48E7-A3F5-110F425BB738}.Release|Any CPU.Build.0 = Release|Any CPU
	EndGlobalSection
	GlobalSection(SolutionProperties) = preSolution
		HideSolutionNode = FALSE
	EndGlobalSection
	GlobalSection(ExtensibilityGlobals) = postSolution
		SolutionGuid = {E7D5C259-F96A-41D0-9F0F-A4151B6CD1EE}
	EndGlobalSection
EndGlobal
